// !$*UTF8*$!
{
	archiveVersion = 1;
	classes = {
	};
	objectVersion = 56;
	objects = {

/* Begin PBXBuildFile section */
		468390FA2BC1E22B00419C7A /* WeatherApp.swift in Sources */ = {isa = PBXBuildFile; fileRef = 468390F92BC1E22B00419C7A /* WeatherApp.swift */; };
		468390FC2BC1E22B00419C7A /* ContentView.swift in Sources */ = {isa = PBXBuildFile; fileRef = 468390FB2BC1E22B00419C7A /* ContentView.swift */; };
		468390FE2BC1E22D00419C7A /* Assets.xcassets in Resources */ = {isa = PBXBuildFile; fileRef = 468390FD2BC1E22D00419C7A /* Assets.xcassets */; };
		468391012BC1E22D00419C7A /* Preview Assets.xcassets in Resources */ = {isa = PBXBuildFile; fileRef = 468391002BC1E22D00419C7A /* Preview Assets.xcassets */; };
		4683910F2BC1E48D00419C7A /* Extensions.swift in Sources */ = {isa = PBXBuildFile; fileRef = 4683910E2BC1E48D00419C7A /* Extensions.swift */; };
		468391112BC1E5BF00419C7A /* HomeView.swift in Sources */ = {isa = PBXBuildFile; fileRef = 468391102BC1E5BF00419C7A /* HomeView.swift */; };
		468391132BC21AF500419C7A /* TabBar.swift in Sources */ = {isa = PBXBuildFile; fileRef = 468391122BC21AF500419C7A /* TabBar.swift */; };
		46BD699C2BC45E9F00C51452 /* Shapes.swift in Sources */ = {isa = PBXBuildFile; fileRef = 46BD699B2BC45E9F00C51452 /* Shapes.swift */; };
		46BD69A82BC4833C00C51452 /* BottomSheet in Frameworks */ = {isa = PBXBuildFile; productRef = 46BD69A72BC4833C00C51452 /* BottomSheet */; };
		46BD69AA2BC48C1B00C51452 /* ForecastView.swift in Sources */ = {isa = PBXBuildFile; fileRef = 46BD69A92BC48C1B00C51452 /* ForecastView.swift */; };
/* End PBXBuildFile section */

/* Begin PBXFileReference section */
		468390F62BC1E22B00419C7A /* Weather.app */ = {isa = PBXFileReference; explicitFileType = wrapper.application; includeInIndex = 0; path = Weather.app; sourceTree = BUILT_PRODUCTS_DIR; };
		468390F92BC1E22B00419C7A /* WeatherApp.swift */ = {isa = PBXFileReference; lastKnownFileType = sourcecode.swift; path = WeatherApp.swift; sourceTree = "<group>"; };
		468390FB2BC1E22B00419C7A /* ContentView.swift */ = {isa = PBXFileReference; lastKnownFileType = sourcecode.swift; path = ContentView.swift; sourceTree = "<group>"; };
		468390FD2BC1E22D00419C7A /* Assets.xcassets */ = {isa = PBXFileReference; lastKnownFileType = folder.assetcatalog; path = Assets.xcassets; sourceTree = "<group>"; };
		468391002BC1E22D00419C7A /* Preview Assets.xcassets */ = {isa = PBXFileReference; lastKnownFileType = folder.assetcatalog; path = "Preview Assets.xcassets"; sourceTree = "<group>"; };
		4683910E2BC1E48D00419C7A /* Extensions.swift */ = {isa = PBXFileReference; lastKnownFileType = sourcecode.swift; path = Extensions.swift; sourceTree = "<group>"; };
		468391102BC1E5BF00419C7A /* HomeView.swift */ = {isa = PBXFileReference; lastKnownFileType = sourcecode.swift; path = HomeView.swift; sourceTree = "<group>"; };
		468391122BC21AF500419C7A /* TabBar.swift */ = {isa = PBXFileReference; lastKnownFileType = sourcecode.swift; path = TabBar.swift; sourceTree = "<group>"; };
		46BD699B2BC45E9F00C51452 /* Shapes.swift */ = {isa = PBXFileReference; lastKnownFileType = sourcecode.swift; path = Shapes.swift; sourceTree = "<group>"; };
		46BD69A92BC48C1B00C51452 /* ForecastView.swift */ = {isa = PBXFileReference; lastKnownFileType = sourcecode.swift; path = ForecastView.swift; sourceTree = "<group>"; };
/* End PBXFileReference section */

/* Begin PBXFrameworksBuildPhase section */
		468390F32BC1E22B00419C7A /* Frameworks */ = {
			isa = PBXFrameworksBuildPhase;
			buildActionMask = 2147483647;
			files = (
				46BD69A82BC4833C00C51452 /* BottomSheet in Frameworks */,
			);
			runOnlyForDeploymentPostprocessing = 0;
		};
/* End PBXFrameworksBuildPhase section */

/* Begin PBXGroup section */
		468390ED2BC1E22B00419C7A = {
			isa = PBXGroup;
			children = (
				468390F82BC1E22B00419C7A /* Weather */,
				468390F72BC1E22B00419C7A /* Products */,
			);
			sourceTree = "<group>";
		};
		468390F72BC1E22B00419C7A /* Products */ = {
			isa = PBXGroup;
			children = (
				468390F62BC1E22B00419C7A /* Weather.app */,
			);
			name = Products;
			sourceTree = "<group>";
		};
		468390F82BC1E22B00419C7A /* Weather */ = {
			isa = PBXGroup;
			children = (
				468390F92BC1E22B00419C7A /* WeatherApp.swift */,
				468391092BC1E3EE00419C7A /* Utils */,
				468391082BC1E3E100419C7A /* Models */,
				468391072BC1E3DA00419C7A /* Views */,
				468390FD2BC1E22D00419C7A /* Assets.xcassets */,
				468390FF2BC1E22D00419C7A /* Preview Content */,
			);
			path = Weather;
			sourceTree = "<group>";
		};
		468390FF2BC1E22D00419C7A /* Preview Content */ = {
			isa = PBXGroup;
			children = (
				468391002BC1E22D00419C7A /* Preview Assets.xcassets */,
			);
			path = "Preview Content";
			sourceTree = "<group>";
		};
		468391072BC1E3DA00419C7A /* Views */ = {
			isa = PBXGroup;
			children = (
				4683910A2BC1E3FB00419C7A /* Main */,
				4683910C2BC1E40C00419C7A /* Detail */,
				4683910B2BC1E40500419C7A /* Navigation */,
				4683910D2BC1E41800419C7A /* Components */,
			);
			path = Views;
			sourceTree = "<group>";
		};
		468391082BC1E3E100419C7A /* Models */ = {
			isa = PBXGroup;
			children = (
			);
			path = Models;
			sourceTree = "<group>";
		};
		468391092BC1E3EE00419C7A /* Utils */ = {
			isa = PBXGroup;
			children = (
				4683910E2BC1E48D00419C7A /* Extensions.swift */,
				46BD699B2BC45E9F00C51452 /* Shapes.swift */,
			);
			path = Utils;
			sourceTree = "<group>";
		};
		4683910A2BC1E3FB00419C7A /* Main */ = {
			isa = PBXGroup;
			children = (
				468390FB2BC1E22B00419C7A /* ContentView.swift */,
				468391102BC1E5BF00419C7A /* HomeView.swift */,
			);
			path = Main;
			sourceTree = "<group>";
		};
		4683910B2BC1E40500419C7A /* Navigation */ = {
			isa = PBXGroup;
			children = (
				468391122BC21AF500419C7A /* TabBar.swift */,
			);
			path = Navigation;
			sourceTree = "<group>";
		};
		4683910C2BC1E40C00419C7A /* Detail */ = {
			isa = PBXGroup;
			children = (
				46BD69A92BC48C1B00C51452 /* ForecastView.swift */,
			);
			path = Detail;
			sourceTree = "<group>";
		};
		4683910D2BC1E41800419C7A /* Components */ = {
			isa = PBXGroup;
			children = (
			);
			path = Components;
			sourceTree = "<group>";
		};
/* End PBXGroup section */

/* Begin PBXNativeTarget section */
		468390F52BC1E22B00419C7A /* Weather */ = {
			isa = PBXNativeTarget;
			buildConfigurationList = 468391042BC1E22D00419C7A /* Build configuration list for PBXNativeTarget "Weather" */;
			buildPhases = (
				468390F22BC1E22B00419C7A /* Sources */,
				468390F32BC1E22B00419C7A /* Frameworks */,
				468390F42BC1E22B00419C7A /* Resources */,
			);
			buildRules = (
			);
			dependencies = (
			);
			name = Weather;
			packageProductDependencies = (
				46BD69A72BC4833C00C51452 /* BottomSheet */,
			);
			productName = Weather;
			productReference = 468390F62BC1E22B00419C7A /* Weather.app */;
			productType = "com.apple.product-type.application";
		};
/* End PBXNativeTarget section */

/* Begin PBXProject section */
		468390EE2BC1E22B00419C7A /* Project object */ = {
			isa = PBXProject;
			attributes = {
				BuildIndependentTargetsInParallel = 1;
				LastSwiftUpdateCheck = 1430;
				LastUpgradeCheck = 1430;
				TargetAttributes = {
					468390F52BC1E22B00419C7A = {
						CreatedOnToolsVersion = 14.3.1;
					};
				};
			};
			buildConfigurationList = 468390F12BC1E22B00419C7A /* Build configuration list for PBXProject "Weather" */;
			compatibilityVersion = "Xcode 14.0";
			developmentRegion = en;
			hasScannedForEncodings = 0;
			knownRegions = (
				en,
				Base,
			);
			mainGroup = 468390ED2BC1E22B00419C7A;
			packageReferences = (
				46BD69A62BC4833C00C51452 /* XCRemoteSwiftPackageReference "BottomSheet" */,
			);
			productRefGroup = 468390F72BC1E22B00419C7A /* Products */;
			projectDirPath = "";
			projectRoot = "";
			targets = (
				468390F52BC1E22B00419C7A /* Weather */,
			);
		};
/* End PBXProject section */

/* Begin PBXResourcesBuildPhase section */
		468390F42BC1E22B00419C7A /* Resources */ = {
			isa = PBXResourcesBuildPhase;
			buildActionMask = 2147483647;
			files = (
				468391012BC1E22D00419C7A /* Preview Assets.xcassets in Resources */,
				468390FE2BC1E22D00419C7A /* Assets.xcassets in Resources */,
			);
			runOnlyForDeploymentPostprocessing = 0;
		};
/* End PBXResourcesBuildPhase section */

/* Begin PBXSourcesBuildPhase section */
		468390F22BC1E22B00419C7A /* Sources */ = {
			isa = PBXSourcesBuildPhase;
			buildActionMask = 2147483647;
			files = (
				468390FC2BC1E22B00419C7A /* ContentView.swift in Sources */,
				468391112BC1E5BF00419C7A /* HomeView.swift in Sources */,
				4683910F2BC1E48D00419C7A /* Extensions.swift in Sources */,
				468390FA2BC1E22B00419C7A /* WeatherApp.swift in Sources */,
				46BD69AA2BC48C1B00C51452 /* ForecastView.swift in Sources */,
				468391132BC21AF500419C7A /* TabBar.swift in Sources */,
				46BD699C2BC45E9F00C51452 /* Shapes.swift in Sources */,
			);
			runOnlyForDeploymentPostprocessing = 0;
		};
/* End PBXSourcesBuildPhase section */

/* Begin XCBuildConfiguration section */
		468391022BC1E22D00419C7A /* Debug */ = {
			isa = XCBuildConfiguration;
			buildSettings = {
				ALWAYS_SEARCH_USER_PATHS = NO;
				CLANG_ANALYZER_NONNULL = YES;
				CLANG_ANALYZER_NUMBER_OBJECT_CONVERSION = YES_AGGRESSIVE;
				CLANG_CXX_LANGUAGE_STANDARD = "gnu++20";
				CLANG_ENABLE_MODULES = YES;
				CLANG_ENABLE_OBJC_ARC = YES;
				CLANG_ENABLE_OBJC_WEAK = YES;
				CLANG_WARN_BLOCK_CAPTURE_AUTORELEASING = YES;
				CLANG_WARN_BOOL_CONVERSION = YES;
				CLANG_WARN_COMMA = YES;
				CLANG_WARN_CONSTANT_CONVERSION = YES;
				CLANG_WARN_DEPRECATED_OBJC_IMPLEMENTATIONS = YES;
				CLANG_WARN_DIRECT_OBJC_ISA_USAGE = YES_ERROR;
				CLANG_WARN_DOCUMENTATION_COMMENTS = YES;
				CLANG_WARN_EMPTY_BODY = YES;
				CLANG_WARN_ENUM_CONVERSION = YES;
				CLANG_WARN_INFINITE_RECURSION = YES;
				CLANG_WARN_INT_CONVERSION = YES;
				CLANG_WARN_NON_LITERAL_NULL_CONVERSION = YES;
				CLANG_WARN_OBJC_IMPLICIT_RETAIN_SELF = YES;
				CLANG_WARN_OBJC_LITERAL_CONVERSION = YES;
				CLANG_WARN_OBJC_ROOT_CLASS = YES_ERROR;
				CLANG_WARN_QUOTED_INCLUDE_IN_FRAMEWORK_HEADER = YES;
				CLANG_WARN_RANGE_LOOP_ANALYSIS = YES;
				CLANG_WARN_STRICT_PROTOTYPES = YES;
				CLANG_WARN_SUSPICIOUS_MOVE = YES;
				CLANG_WARN_UNGUARDED_AVAILABILITY = YES_AGGRESSIVE;
				CLANG_WARN_UNREACHABLE_CODE = YES;
				CLANG_WARN__DUPLICATE_METHOD_MATCH = YES;
				COPY_PHASE_STRIP = NO;
				DEBUG_INFORMATION_FORMAT = dwarf;
				ENABLE_STRICT_OBJC_MSGSEND = YES;
				ENABLE_TESTABILITY = YES;
				GCC_C_LANGUAGE_STANDARD = gnu11;
				GCC_DYNAMIC_NO_PIC = NO;
				GCC_NO_COMMON_BLOCKS = YES;
				GCC_OPTIMIZATION_LEVEL = 0;
				GCC_PREPROCESSOR_DEFINITIONS = (
					"DEBUG=1",
					"$(inherited)",
				);
				GCC_WARN_64_TO_32_BIT_CONVERSION = YES;
				GCC_WARN_ABOUT_RETURN_TYPE = YES_ERROR;
				GCC_WARN_UNDECLARED_SELECTOR = YES;
				GCC_WARN_UNINITIALIZED_AUTOS = YES_AGGRESSIVE;
				GCC_WARN_UNUSED_FUNCTION = YES;
				GCC_WARN_UNUSED_VARIABLE = YES;
				IPHONEOS_DEPLOYMENT_TARGET = 16.4;
				MTL_ENABLE_DEBUG_INFO = INCLUDE_SOURCE;
				MTL_FAST_MATH = YES;
				ONLY_ACTIVE_ARCH = YES;
				SDKROOT = iphoneos;
				SWIFT_ACTIVE_COMPILATION_CONDITIONS = DEBUG;
				SWIFT_OPTIMIZATION_LEVEL = "-Onone";
			};
			name = Debug;
		};
		468391032BC1E22D00419C7A /* Release */ = {
			isa = XCBuildConfiguration;
			buildSettings = {
				ALWAYS_SEARCH_USER_PATHS = NO;
				CLANG_ANALYZER_NONNULL = YES;
				CLANG_ANALYZER_NUMBER_OBJECT_CONVERSION = YES_AGGRESSIVE;
				CLANG_CXX_LANGUAGE_STANDARD = "gnu++20";
				CLANG_ENABLE_MODULES = YES;
				CLANG_ENABLE_OBJC_ARC = YES;
				CLANG_ENABLE_OBJC_WEAK = YES;
				CLANG_WARN_BLOCK_CAPTURE_AUTORELEASING = YES;
				CLANG_WARN_BOOL_CONVERSION = YES;
				CLANG_WARN_COMMA = YES;
				CLANG_WARN_CONSTANT_CONVERSION = YES;
				CLANG_WARN_DEPRECATED_OBJC_IMPLEMENTATIONS = YES;
				CLANG_WARN_DIRECT_OBJC_ISA_USAGE = YES_ERROR;
				CLANG_WARN_DOCUMENTATION_COMMENTS = YES;
				CLANG_WARN_EMPTY_BODY = YES;
				CLANG_WARN_ENUM_CONVERSION = YES;
				CLANG_WARN_INFINITE_RECURSION = YES;
				CLANG_WARN_INT_CONVERSION = YES;
				CLANG_WARN_NON_LITERAL_NULL_CONVERSION = YES;
				CLANG_WARN_OBJC_IMPLICIT_RETAIN_SELF = YES;
				CLANG_WARN_OBJC_LITERAL_CONVERSION = YES;
				CLANG_WARN_OBJC_ROOT_CLASS = YES_ERROR;
				CLANG_WARN_QUOTED_INCLUDE_IN_FRAMEWORK_HEADER = YES;
				CLANG_WARN_RANGE_LOOP_ANALYSIS = YES;
				CLANG_WARN_STRICT_PROTOTYPES = YES;
				CLANG_WARN_SUSPICIOUS_MOVE = YES;
				CLANG_WARN_UNGUARDED_AVAILABILITY = YES_AGGRESSIVE;
				CLANG_WARN_UNREACHABLE_CODE = YES;
				CLANG_WARN__DUPLICATE_METHOD_MATCH = YES;
				COPY_PHASE_STRIP = NO;
				DEBUG_INFORMATION_FORMAT = "dwarf-with-dsym";
				ENABLE_NS_ASSERTIONS = NO;
				ENABLE_STRICT_OBJC_MSGSEND = YES;
				GCC_C_LANGUAGE_STANDARD = gnu11;
				GCC_NO_COMMON_BLOCKS = YES;
				GCC_WARN_64_TO_32_BIT_CONVERSION = YES;
				GCC_WARN_ABOUT_RETURN_TYPE = YES_ERROR;
				GCC_WARN_UNDECLARED_SELECTOR = YES;
				GCC_WARN_UNINITIALIZED_AUTOS = YES_AGGRESSIVE;
				GCC_WARN_UNUSED_FUNCTION = YES;
				GCC_WARN_UNUSED_VARIABLE = YES;
				IPHONEOS_DEPLOYMENT_TARGET = 16.4;
				MTL_ENABLE_DEBUG_INFO = NO;
				MTL_FAST_MATH = YES;
				SDKROOT = iphoneos;
				SWIFT_COMPILATION_MODE = wholemodule;
				SWIFT_OPTIMIZATION_LEVEL = "-O";
				VALIDATE_PRODUCT = YES;
			};
			name = Release;
		};
		468391052BC1E22D00419C7A /* Debug */ = {
			isa = XCBuildConfiguration;
			buildSettings = {
				ASSETCATALOG_COMPILER_APPICON_NAME = AppIcon;
				ASSETCATALOG_COMPILER_GLOBAL_ACCENT_COLOR_NAME = AccentColor;
				CODE_SIGN_STYLE = Automatic;
				CURRENT_PROJECT_VERSION = 1;
				DEVELOPMENT_ASSET_PATHS = "\"Weather/Preview Content\"";
				DEVELOPMENT_TEAM = 2S7X79B4SZ;
				ENABLE_PREVIEWS = YES;
				GENERATE_INFOPLIST_FILE = YES;
				INFOPLIST_KEY_UIApplicationSceneManifest_Generation = YES;
				INFOPLIST_KEY_UIApplicationSupportsIndirectInputEvents = YES;
				INFOPLIST_KEY_UILaunchScreen_Generation = YES;
				INFOPLIST_KEY_UISupportedInterfaceOrientations_iPad = "UIInterfaceOrientationPortrait UIInterfaceOrientationPortraitUpsideDown UIInterfaceOrientationLandscapeLeft UIInterfaceOrientationLandscapeRight";
				INFOPLIST_KEY_UISupportedInterfaceOrientations_iPhone = "UIInterfaceOrientationPortrait UIInterfaceOrientationLandscapeLeft UIInterfaceOrientationLandscapeRight";
				LD_RUNPATH_SEARCH_PATHS = (
					"$(inherited)",
					"@executable_path/Frameworks",
				);
				MARKETING_VERSION = 1.0;
				PRODUCT_BUNDLE_IDENTIFIER = com.joaovitorpr.Weather;
				PRODUCT_NAME = "$(TARGET_NAME)";
				SWIFT_EMIT_LOC_STRINGS = YES;
				SWIFT_VERSION = 5.0;
				TARGETED_DEVICE_FAMILY = "1,2";
			};
			name = Debug;
		};
		468391062BC1E22D00419C7A /* Release */ = {
			isa = XCBuildConfiguration;
			buildSettings = {
				ASSETCATALOG_COMPILER_APPICON_NAME = AppIcon;
				ASSETCATALOG_COMPILER_GLOBAL_ACCENT_COLOR_NAME = AccentColor;
				CODE_SIGN_STYLE = Automatic;
				CURRENT_PROJECT_VERSION = 1;
				DEVELOPMENT_ASSET_PATHS = "\"Weather/Preview Content\"";
				DEVELOPMENT_TEAM = 2S7X79B4SZ;
				ENABLE_PREVIEWS = YES;
				GENERATE_INFOPLIST_FILE = YES;
				INFOPLIST_KEY_UIApplicationSceneManifest_Generation = YES;
				INFOPLIST_KEY_UIApplicationSupportsIndirectInputEvents = YES;
				INFOPLIST_KEY_UILaunchScreen_Generation = YES;
				INFOPLIST_KEY_UISupportedInterfaceOrientations_iPad = "UIInterfaceOrientationPortrait UIInterfaceOrientationPortraitUpsideDown UIInterfaceOrientationLandscapeLeft UIInterfaceOrientationLandscapeRight";
				INFOPLIST_KEY_UISupportedInterfaceOrientations_iPhone = "UIInterfaceOrientationPortrait UIInterfaceOrientationLandscapeLeft UIInterfaceOrientationLandscapeRight";
				LD_RUNPATH_SEARCH_PATHS = (
					"$(inherited)",
					"@executable_path/Frameworks",
				);
				MARKETING_VERSION = 1.0;
				PRODUCT_BUNDLE_IDENTIFIER = com.joaovitorpr.Weather;
				PRODUCT_NAME = "$(TARGET_NAME)";
				SWIFT_EMIT_LOC_STRINGS = YES;
				SWIFT_VERSION = 5.0;
				TARGETED_DEVICE_FAMILY = "1,2";
			};
			name = Release;
		};
/* End XCBuildConfiguration section */

/* Begin XCConfigurationList section */
		468390F12BC1E22B00419C7A /* Build configuration list for PBXProject "Weather" */ = {
			isa = XCConfigurationList;
			buildConfigurations = (
				468391022BC1E22D00419C7A /* Debug */,
				468391032BC1E22D00419C7A /* Release */,
			);
			defaultConfigurationIsVisible = 0;
			defaultConfigurationName = Release;
		};
		468391042BC1E22D00419C7A /* Build configuration list for PBXNativeTarget "Weather" */ = {
			isa = XCConfigurationList;
			buildConfigurations = (
				468391052BC1E22D00419C7A /* Debug */,
				468391062BC1E22D00419C7A /* Release */,
			);
			defaultConfigurationIsVisible = 0;
			defaultConfigurationName = Release;
		};
/* End XCConfigurationList section */

/* Begin XCRemoteSwiftPackageReference section */
		46BD69A62BC4833C00C51452 /* XCRemoteSwiftPackageReference "BottomSheet" */ = {
			isa = XCRemoteSwiftPackageReference;
			repositoryURL = "https://github.com/Wouter125/BottomSheet";
			requirement = {
				kind = exactVersion;
				version = 1.4.5;
			};
		};
/* End XCRemoteSwiftPackageReference section */

/* Begin XCSwiftPackageProductDependency section */
		46BD69A72BC4833C00C51452 /* BottomSheet */ = {
			isa = XCSwiftPackageProductDependency;
			package = 46BD69A62BC4833C00C51452 /* XCRemoteSwiftPackageReference "BottomSheet" */;
			productName = BottomSheet;
		};
/* End XCSwiftPackageProductDependency section */
	};
	rootObject = 468390EE2BC1E22B00419C7A /* Project object */;
}
